
Microsoft Visual Studio Solution File, Format Version 12.00
# Visual Studio 15
VisualStudioVersion = 15.0.28307.645
MinimumVisualStudioVersion = 10.0.40219.1
Project("{FAE04EC0-301F-11D3-BF4B-00C04F79EFBC}") = "PMPCore", "PMPCore\PMPCore.csproj", "{64A56D9F-FB27-4063-98E3-3333EDBAD375}"
EndProject
Project("{FAE04EC0-301F-11D3-BF4B-00C04F79EFBC}") = "PMPDAL", "PMPDAL\PMPDAL.csproj", "{1BABF2DF-DD12-416E-B4ED-C258D66C864C}"
EndProject
Global
	GlobalSection(SolutionConfigurationPlatforms) = preSolution
		Debug|Any CPU = Debug|Any CPU
		Release|Any CPU = Release|Any CPU
	EndGlobalSection
	GlobalSection(ProjectConfigurationPlatforms) = postSolution
		{64A56D9F-FB27-4063-98E3-3333EDBAD375}.Debug|Any CPU.ActiveCfg = Debug|Any CPU
		{64A56D9F-FB27-4063-98E3-3333EDBAD375}.Debug|Any CPU.Build.0 = Debug|Any CPU
		{64A56D9F-FB27-4063-98E3-3333EDBAD375}.Release|Any CPU.ActiveCfg = Release|Any CPU
		{64A56D9F-FB27-4063-98E3-3333EDBAD375}.Release|Any CPU.Build.0 = Release|Any CPU
		{1BABF2DF-DD12-416E-B4ED-C258D66C864C}.Debug|Any CPU.ActiveCfg = Debug|Any CPU
		{1BABF2DF-DD12-416E-B4ED-C258D66C864C}.Debug|Any CPU.Build.0 = Debug|Any CPU
		{1BABF2DF-DD12-416E-B4ED-C258D66C864C}.Release|Any CPU.ActiveCfg = Release|Any CPU
		{1BABF2DF-DD12-416E-B4ED-C258D66C864C}.Release|Any CPU.Build.0 = Release|Any CPU
	EndGlobalSection
	GlobalSection(SolutionProperties) = preSolution
		HideSolutionNode = FALSE
	EndGlobalSection
	GlobalSection(ExtensibilityGlobals) = postSolution
		SolutionGuid = {6F9A702A-9760-4D82-B691-E0069AA36A8E}
	EndGlobalSection
EndGlobal
